
Microsoft Visual Studio Solution File, Format Version 12.00
# Visual Studio Version 16
VisualStudioVersion = 16.0.29519.181
MinimumVisualStudioVersion = 10.0.40219.1
Project("{FAE04EC0-301F-11D3-BF4B-00C04F79EFBC}") = "Souvenir_Narzia", "Souvenir_Narzia\Souvenir_Narzia.csproj", "{3E2FECA9-D5A5-4056-915D-1549CC2D1BE0}"
EndProject
Project("{FAE04EC0-301F-11D3-BF4B-00C04F79EFBC}") = "Souvenir_Classi", "Souvenir_Classi\Souvenir_Classi.csproj", "{711054B3-266E-42DD-B763-B49B1961CDFC}"
EndProject
Project("{FAE04EC0-301F-11D3-BF4B-00C04F79EFBC}") = "Biglietteria_Narzia", "Biglietteria_Narzia\Biglietteria_Narzia.csproj", "{904CDCA9-0FB3-41B9-93FC-FD6EC8C1C180}"
EndProject
Project("{FAE04EC0-301F-11D3-BF4B-00C04F79EFBC}") = "Biglietteria_Classi", "Biglietteria_Classi\Biglietteria_Classi.csproj", "{C0949CE6-F442-4D5A-B610-E828F3B6E08B}"
EndProject
Project("{FAE04EC0-301F-11D3-BF4B-00C04F79EFBC}") = "Restaurant_Narzia", "Restaurant_Narzia\Restaurant_Narzia.csproj", "{24A978DA-0C29-4EBE-B01B-9CCF2E235C26}"
EndProject
Global
	GlobalSection(SolutionConfigurationPlatforms) = preSolution
		Debug|Any CPU = Debug|Any CPU
		Release|Any CPU = Release|Any CPU
	EndGlobalSection
	GlobalSection(ProjectConfigurationPlatforms) = postSolution
		{3E2FECA9-D5A5-4056-915D-1549CC2D1BE0}.Debug|Any CPU.ActiveCfg = Debug|Any CPU
		{3E2FECA9-D5A5-4056-915D-1549CC2D1BE0}.Debug|Any CPU.Build.0 = Debug|Any CPU
		{3E2FECA9-D5A5-4056-915D-1549CC2D1BE0}.Release|Any CPU.ActiveCfg = Release|Any CPU
		{3E2FECA9-D5A5-4056-915D-1549CC2D1BE0}.Release|Any CPU.Build.0 = Release|Any CPU
		{711054B3-266E-42DD-B763-B49B1961CDFC}.Debug|Any CPU.ActiveCfg = Debug|Any CPU
		{711054B3-266E-42DD-B763-B49B1961CDFC}.Debug|Any CPU.Build.0 = Debug|Any CPU
		{711054B3-266E-42DD-B763-B49B1961CDFC}.Release|Any CPU.ActiveCfg = Release|Any CPU
		{711054B3-266E-42DD-B763-B49B1961CDFC}.Release|Any CPU.Build.0 = Release|Any CPU
		{904CDCA9-0FB3-41B9-93FC-FD6EC8C1C180}.Debug|Any CPU.ActiveCfg = Debug|Any CPU
		{904CDCA9-0FB3-41B9-93FC-FD6EC8C1C180}.Debug|Any CPU.Build.0 = Debug|Any CPU
		{904CDCA9-0FB3-41B9-93FC-FD6EC8C1C180}.Release|Any CPU.ActiveCfg = Release|Any CPU
		{904CDCA9-0FB3-41B9-93FC-FD6EC8C1C180}.Release|Any CPU.Build.0 = Release|Any CPU
		{C0949CE6-F442-4D5A-B610-E828F3B6E08B}.Debug|Any CPU.ActiveCfg = Debug|Any CPU
		{C0949CE6-F442-4D5A-B610-E828F3B6E08B}.Debug|Any CPU.Build.0 = Debug|Any CPU
		{C0949CE6-F442-4D5A-B610-E828F3B6E08B}.Release|Any CPU.ActiveCfg = Release|Any CPU
		{C0949CE6-F442-4D5A-B610-E828F3B6E08B}.Release|Any CPU.Build.0 = Release|Any CPU
		{24A978DA-0C29-4EBE-B01B-9CCF2E235C26}.Debug|Any CPU.ActiveCfg = Debug|Any CPU
		{24A978DA-0C29-4EBE-B01B-9CCF2E235C26}.Debug|Any CPU.Build.0 = Debug|Any CPU
		{24A978DA-0C29-4EBE-B01B-9CCF2E235C26}.Release|Any CPU.ActiveCfg = Release|Any CPU
		{24A978DA-0C29-4EBE-B01B-9CCF2E235C26}.Release|Any CPU.Build.0 = Release|Any CPU
	EndGlobalSection
	GlobalSection(SolutionProperties) = preSolution
		HideSolutionNode = FALSE
	EndGlobalSection
	GlobalSection(ExtensibilityGlobals) = postSolution
		SolutionGuid = {FF4C6F67-B109-4014-988D-8F447533A621}
	EndGlobalSection
EndGlobal
